
Microsoft Visual Studio Solution File, Format Version 12.00
# Visual Studio Version 17
VisualStudioVersion = 17.1.32328.378
MinimumVisualStudioVersion = 10.0.40219.1
Project("{FAE04EC0-301F-11D3-BF4B-00C04F79EFBC}") = "Task_4", "Task_4\Task_4.csproj", "{8A2AC7BC-DEE6-4BBA-9088-35182475E057}"
EndProject
Global
	GlobalSection(SolutionConfigurationPlatforms) = preSolution
		Debug|Any CPU = Debug|Any CPU
		Release|Any CPU = Release|Any CPU
	EndGlobalSection
	GlobalSection(ProjectConfigurationPlatforms) = postSolution
		{8A2AC7BC-DEE6-4BBA-9088-35182475E057}.Debug|Any CPU.ActiveCfg = Debug|Any CPU
		{8A2AC7BC-DEE6-4BBA-9088-35182475E057}.Debug|Any CPU.Build.0 = Debug|Any CPU
		{8A2AC7BC-DEE6-4BBA-9088-35182475E057}.Release|Any CPU.ActiveCfg = Release|Any CPU
		{8A2AC7BC-DEE6-4BBA-9088-35182475E057}.Release|Any CPU.Build.0 = Release|Any CPU
	EndGlobalSection
	GlobalSection(SolutionProperties) = preSolution
		HideSolutionNode = FALSE
	EndGlobalSection
	GlobalSection(ExtensibilityGlobals) = postSolution
		SolutionGuid = {4B5B9127-58B6-436D-819C-C8C4AD81DBE2}
	EndGlobalSection
EndGlobal
